
Microsoft Visual Studio Solution File, Format Version 12.00
# Visual Studio Version 16
VisualStudioVersion = 16.0.30711.63
MinimumVisualStudioVersion = 10.0.40219.1
Project("{9A19103F-16F7-4668-BE54-9A1E7A4F7556}") = "AuthService", "AuthService\AuthService.csproj", "{D44E4DC3-3BE0-4631-A600-F68AF4E88728}"
EndProject
Project("{FAE04EC0-301F-11D3-BF4B-00C04F79EFBC}") = "AuthServiceTest", "AuthServiceTest\AuthServiceTest.csproj", "{BBB665C3-9EBC-4D9D-9148-6796A14A53F7}"
EndProject
Global
	GlobalSection(SolutionConfigurationPlatforms) = preSolution
		Debug|Any CPU = Debug|Any CPU
		Release|Any CPU = Release|Any CPU
	EndGlobalSection
	GlobalSection(ProjectConfigurationPlatforms) = postSolution
		{D44E4DC3-3BE0-4631-A600-F68AF4E88728}.Debug|Any CPU.ActiveCfg = Debug|Any CPU
		{D44E4DC3-3BE0-4631-A600-F68AF4E88728}.Debug|Any CPU.Build.0 = Debug|Any CPU
		{D44E4DC3-3BE0-4631-A600-F68AF4E88728}.Release|Any CPU.ActiveCfg = Release|Any CPU
		{D44E4DC3-3BE0-4631-A600-F68AF4E88728}.Release|Any CPU.Build.0 = Release|Any CPU
		{BBB665C3-9EBC-4D9D-9148-6796A14A53F7}.Debug|Any CPU.ActiveCfg = Debug|Any CPU
		{BBB665C3-9EBC-4D9D-9148-6796A14A53F7}.Debug|Any CPU.Build.0 = Debug|Any CPU
		{BBB665C3-9EBC-4D9D-9148-6796A14A53F7}.Release|Any CPU.ActiveCfg = Release|Any CPU
		{BBB665C3-9EBC-4D9D-9148-6796A14A53F7}.Release|Any CPU.Build.0 = Release|Any CPU
	EndGlobalSection
	GlobalSection(SolutionProperties) = preSolution
		HideSolutionNode = FALSE
	EndGlobalSection
	GlobalSection(ExtensibilityGlobals) = postSolution
		SolutionGuid = {1915FA43-65F8-4106-B77D-536E1C995C8F}
	EndGlobalSection
EndGlobal
